github.com/bemasher/rtltcp v0.0.0-20151011062038-3aed81c166c5 h1:QFs9NpZKQY/WPjOfgNN8Qt83scnnhDueQrnjZOG884M=
github.com/bemasher/rtltcp v0.0.0-20151011062038-3aed81c166c5/go.mod h1:O6JJfPo2Vr2FA+N401mWyEVhwq5Wo/z1dfX+tIKGRUU=
github.com/ktye/fft v0.0.0-20160109133121-5beb24bb6a43 h1:P/FC0vnk8mHtU+PrgHwsexh/FGJUpHSNZOMp2II7XZo=
github.com/ktye/fft v0.0.0-20160109133121-5beb24bb6a43/go.mod h1:NOC+5BizuazWsAS/Ge7DXbXTrYzmmDXGqypnTaeNGcc=
